github.com/PRETgroup/goFB v0.0.0-20200505213332-aceb47649107 h1:deIoJ2dnc1VxFrlflR1kBE4vvjL+pP5gaIC//s0Izqw=
github.com/PRETgroup/goFB v0.0.0-20200505213332-aceb47649107/go.mod h1:nYCqluAf+RWA/fVuHEPeJLstPELiGbuwTVZFi7FYOig=
github.com/PRETgroup/goFB v0.0.0-20240530232900-e5fb1e482b2d h1:mUM1p+1WAyv//gtNrcFATvXB+Q3hTyNPfrQyB2cqSIY=
github.com/PRETgroup/goFB v0.0.0-20240530232900-e5fb1e482b2d/go.mod h1:wquGPR/cEhX42rkeLKZgypRxyGfLF9rXMsaAD/NBoQU=
